// !$*UTF8*$!
{
	archiveVersion = 1;
	classes = {
	};
	objectVersion = 51;
	objects = {

/* Begin PBXBuildFile section */
		3B08DBC625B525DB00DE63D1 /* Date+.swift in Sources */ = {isa = PBXBuildFile; fileRef = 3B08DBC525B525DB00DE63D1 /* Date+.swift */; };
		3B08DBD025B5321200DE63D1 /* main.strings in Resources */ = {isa = PBXBuildFile; fileRef = 3B08DBCF25B5321200DE63D1 /* main.strings */; };
		3B0B897225543A6C00033297 /* MeusPetsCadastro.strings in Resources */ = {isa = PBXBuildFile; fileRef = 3B0B897125543A6C00033297 /* MeusPetsCadastro.strings */; };
		3B0B89B32554423D00033297 /* R.generated.swift in Sources */ = {isa = PBXBuildFile; fileRef = 3B0B89B22554423D00033297 /* R.generated.swift */; };
		3B0B8A2B2554FC8C00033297 /* UITextField+.swift in Sources */ = {isa = PBXBuildFile; fileRef = 3B0B8A2A2554FC8C00033297 /* UITextField+.swift */; };
		3B0B8A3D2554FF4A00033297 /* String+.swift in Sources */ = {isa = PBXBuildFile; fileRef = 3B0B8A3C2554FF4A00033297 /* String+.swift */; };
		3B265D8E2537ECBA009F1EE9 /* Navigation.storyboard in Resources */ = {isa = PBXBuildFile; fileRef = 3B265D8D2537ECBA009F1EE9 /* Navigation.storyboard */; };
		3B53474F25B4D648007717D7 /* APIHelper.swift in Sources */ = {isa = PBXBuildFile; fileRef = 3B53474E25B4D648007717D7 /* APIHelper.swift */; };
		3B581ADC2544F2E4003E2A68 /* Pets.swift in Sources */ = {isa = PBXBuildFile; fileRef = 3B581ADB2544F2E4003E2A68 /* Pets.swift */; };
		3B581ADF2544F478003E2A68 /* UIImage+.swift in Sources */ = {isa = PBXBuildFile; fileRef = 3B581ADE2544F478003E2A68 /* UIImage+.swift */; };
		3B581AF4254518B9003E2A68 /* UIButton+.swift in Sources */ = {isa = PBXBuildFile; fileRef = 3B581AF3254518B9003E2A68 /* UIButton+.swift */; };
		3B584BC5253811A90090A779 /* MeusPetsListaViewController.swift in Sources */ = {isa = PBXBuildFile; fileRef = 3B584BC4253811A90090A779 /* MeusPetsListaViewController.swift */; };
		3B584BC7253811B60090A779 /* MeusPetsDetalheViewController.swift in Sources */ = {isa = PBXBuildFile; fileRef = 3B584BC6253811B60090A779 /* MeusPetsDetalheViewController.swift */; };
		3B584BC9253811C20090A779 /* RecemChegadosListaViewController.swift in Sources */ = {isa = PBXBuildFile; fileRef = 3B584BC8253811C20090A779 /* RecemChegadosListaViewController.swift */; };
		3B584BCB253811CF0090A779 /* RecemChegadosDetalheViewController.swift in Sources */ = {isa = PBXBuildFile; fileRef = 3B584BCA253811CF0090A779 /* RecemChegadosDetalheViewController.swift */; };
		3B584BCD253811D70090A779 /* AdoteListaViewController.swift in Sources */ = {isa = PBXBuildFile; fileRef = 3B584BCC253811D70090A779 /* AdoteListaViewController.swift */; };
		3B584BCF253811E30090A779 /* AdoteDetalheViewController.swift in Sources */ = {isa = PBXBuildFile; fileRef = 3B584BCE253811E30090A779 /* AdoteDetalheViewController.swift */; };
		3B584BD1253811EC0090A779 /* PerfilViewController.swift in Sources */ = {isa = PBXBuildFile; fileRef = 3B584BD0253811EC0090A779 /* PerfilViewController.swift */; };
		3B584BD5253812720090A779 /* VidaPetMainViewController.swift in Sources */ = {isa = PBXBuildFile; fileRef = 3B584BD4253812720090A779 /* VidaPetMainViewController.swift */; };
		3B584BD7253812900090A779 /* LoginViewController.swift in Sources */ = {isa = PBXBuildFile; fileRef = 3B584BD6253812900090A779 /* LoginViewController.swift */; };
		3B584BD92538129A0090A779 /* RegisterViewController.swift in Sources */ = {isa = PBXBuildFile; fileRef = 3B584BD82538129A0090A779 /* RegisterViewController.swift */; };
		3B695D082537E71300CE15AF /* AppDelegate.swift in Sources */ = {isa = PBXBuildFile; fileRef = 3B695D072537E71300CE15AF /* AppDelegate.swift */; };
		3B695D0A2537E71300CE15AF /* SceneDelegate.swift in Sources */ = {isa = PBXBuildFile; fileRef = 3B695D092537E71300CE15AF /* SceneDelegate.swift */; };
		3B695D112537E71500CE15AF /* Assets.xcassets in Resources */ = {isa = PBXBuildFile; fileRef = 3B695D102537E71500CE15AF /* Assets.xcassets */; };
		3B695D142537E71500CE15AF /* LaunchScreen.storyboard in Resources */ = {isa = PBXBuildFile; fileRef = 3B695D122537E71500CE15AF /* LaunchScreen.storyboard */; };
		3B695D202537E8A500CE15AF /* MeusPets.storyboard in Resources */ = {isa = PBXBuildFile; fileRef = 3B695D1F2537E8A500CE15AF /* MeusPets.storyboard */; };
		3B695D222537E8CF00CE15AF /* RecemChegados.storyboard in Resources */ = {isa = PBXBuildFile; fileRef = 3B695D212537E8CF00CE15AF /* RecemChegados.storyboard */; };
		3B695D242537E8DB00CE15AF /* Adote.storyboard in Resources */ = {isa = PBXBuildFile; fileRef = 3B695D232537E8DB00CE15AF /* Adote.storyboard */; };
		3B695D262537E8E900CE15AF /* Perfil.storyboard in Resources */ = {isa = PBXBuildFile; fileRef = 3B695D252537E8E900CE15AF /* Perfil.storyboard */; };
		3B695D2C2537E91F00CE15AF /* Login.storyboard in Resources */ = {isa = PBXBuildFile; fileRef = 3B695D2B2537E91F00CE15AF /* Login.storyboard */; };
		3B6A63A025537D40003FE2A9 /* VPRoundPlaceholderTextField.swift in Sources */ = {isa = PBXBuildFile; fileRef = 3B6A639F25537D40003FE2A9 /* VPRoundPlaceholderTextField.swift */; };
		3B6A63A82553829D003FE2A9 /* VPMultilineRoundPlaceholderTextField.swift in Sources */ = {isa = PBXBuildFile; fileRef = 3B6A63A72553829D003FE2A9 /* VPMultilineRoundPlaceholderTextField.swift */; };
		3B94025F255F721E003AD1EA /* Double+.swift in Sources */ = {isa = PBXBuildFile; fileRef = 3B94025E255F721E003AD1EA /* Double+.swift */; };
		3B984345255A1440000DA748 /* EditarPerfil.strings in Resources */ = {isa = PBXBuildFile; fileRef = 3B984344255A1440000DA748 /* EditarPerfil.strings */; };
		3B9F25B12553784F00C16F90 /* MeusPetsCadastroViewController.swift in Sources */ = {isa = PBXBuildFile; fileRef = 3B9F25B02553784F00C16F90 /* MeusPetsCadastroViewController.swift */; };
		3BD59FF6253D3BD4005A5BB2 /* MeusPetsListaCellTableViewCell.swift in Sources */ = {isa = PBXBuildFile; fileRef = 3BD59FF5253D3BD4005A5BB2 /* MeusPetsListaCellTableViewCell.swift */; };
		3BD5A000253D445F005A5BB2 /* UIView+.swift in Sources */ = {isa = PBXBuildFile; fileRef = 3BD59FFF253D445F005A5BB2 /* UIView+.swift */; };
		3BD5A004253D4CCF005A5BB2 /* ShadowView.swift in Sources */ = {isa = PBXBuildFile; fileRef = 3BD5A003253D4CCF005A5BB2 /* ShadowView.swift */; };
		3BF230E825B4E0E80044F3C6 /* InformationType.swift in Sources */ = {isa = PBXBuildFile; fileRef = 3BF230E725B4E0E80044F3C6 /* InformationType.swift */; };
		3BF230EB25B4E0ED0044F3C6 /* Encodable+.swift in Sources */ = {isa = PBXBuildFile; fileRef = 3BF230EA25B4E0ED0044F3C6 /* Encodable+.swift */; };
		3BFE13B3255622BA003627C3 /* UISegmentControl+.swift in Sources */ = {isa = PBXBuildFile; fileRef = 3BFE13B2255622BA003627C3 /* UISegmentControl+.swift */; };
		4176AF54255CBBA300562BE6 /* VPCardCollectionViewCell.swift in Sources */ = {isa = PBXBuildFile; fileRef = 4176AF52255CBBA300562BE6 /* VPCardCollectionViewCell.swift */; };
		4176AF55255CBBA300562BE6 /* VPCardCollectionViewCell.XIB in Resources */ = {isa = PBXBuildFile; fileRef = 4176AF53255CBBA300562BE6 /* VPCardCollectionViewCell.XIB */; };
		65E1B252AD84E982B5BE09E0 /* Pods_Vida_Pet.framework in Frameworks */ = {isa = PBXBuildFile; fileRef = 67FDF50050B384BE0D284612 /* Pods_Vida_Pet.framework */; };
		7E0C593E255D60C1009D68A1 /* VPLargeRoundedTableViewCell.xib in Resources */ = {isa = PBXBuildFile; fileRef = 7E0C593D255D60C1009D68A1 /* VPLargeRoundedTableViewCell.xib */; };
		7E0C5940255D62B9009D68A1 /* GradientView.swift in Sources */ = {isa = PBXBuildFile; fileRef = 7E0C593F255D62B9009D68A1 /* GradientView.swift */; };
		7E0C5942255D64F3009D68A1 /* VPLargeRoundedTableViewCell.swift in Sources */ = {isa = PBXBuildFile; fileRef = 7E0C5941255D64F3009D68A1 /* VPLargeRoundedTableViewCell.swift */; };
		7E0C5944255D6C20009D68A1 /* NibLoadable.swift in Sources */ = {isa = PBXBuildFile; fileRef = 7E0C5943255D6C1F009D68A1 /* NibLoadable.swift */; };
		7E64FD93255AB80C009B2092 /* RandomPet.swift in Sources */ = {isa = PBXBuildFile; fileRef = 7E64FD92255AB80C009B2092 /* RandomPet.swift */; };
		FE30F9BA255A307A00B59058 /* UIImageView+.swift in Sources */ = {isa = PBXBuildFile; fileRef = FE30F9B9255A307A00B59058 /* UIImageView+.swift */; };
		FE352ADF25548EB700D4E680 /* EditarPerfilViewController.swift in Sources */ = {isa = PBXBuildFile; fileRef = FE352ADE25548EB700D4E680 /* EditarPerfilViewController.swift */; };
		FE352AEB2554E49000D4E680 /* UserData.swift in Sources */ = {isa = PBXBuildFile; fileRef = FE352AEA2554E49000D4E680 /* UserData.swift */; };
		FE82FC002555E940007B396E /* UserModel.swift in Sources */ = {isa = PBXBuildFile; fileRef = FE82FBFF2555E940007B396E /* UserModel.swift */; };
		FEB29B002576914B00EEBF75 /* GoogleService-Info.plist in Resources */ = {isa = PBXBuildFile; fileRef = FEB29AFF2576914B00EEBF75 /* GoogleService-Info.plist */; };
		FEB674B125782C0B009B129C /* Login.strings in Resources */ = {isa = PBXBuildFile; fileRef = FEB674B025782C0B009B129C /* Login.strings */; };
		FECCE0742542335200E0934F /* ValidateFields.swift in Sources */ = {isa = PBXBuildFile; fileRef = FECCE0732542335200E0934F /* ValidateFields.swift */; };
		FECCE078254268A200E0934F /* WelcomeViewController.swift in Sources */ = {isa = PBXBuildFile; fileRef = FECCE077254268A200E0934F /* WelcomeViewController.swift */; };
/* End PBXBuildFile section */

/* Begin PBXFileReference section */
		3B08DBC525B525DB00DE63D1 /* Date+.swift */ = {isa = PBXFileReference; lastKnownFileType = sourcecode.swift; path = "Date+.swift"; sourceTree = "<group>"; };
		3B08DBCF25B5321200DE63D1 /* main.strings */ = {isa = PBXFileReference; lastKnownFileType = text.plist.strings; path = main.strings; sourceTree = "<group>"; };
		3B0B897125543A6C00033297 /* MeusPetsCadastro.strings */ = {isa = PBXFileReference; lastKnownFileType = text.plist.strings; path = MeusPetsCadastro.strings; sourceTree = "<group>"; };
		3B0B89B22554423D00033297 /* R.generated.swift */ = {isa = PBXFileReference; lastKnownFileType = sourcecode.swift; path = R.generated.swift; sourceTree = "<group>"; };
		3B0B8A2A2554FC8C00033297 /* UITextField+.swift */ = {isa = PBXFileReference; lastKnownFileType = sourcecode.swift; name = "UITextField+.swift"; path = "Vida Pet/Supporting Files/UITextField+.swift"; sourceTree = SOURCE_ROOT; };
		3B0B8A3C2554FF4A00033297 /* String+.swift */ = {isa = PBXFileReference; lastKnownFileType = sourcecode.swift; path = "String+.swift"; sourceTree = "<group>"; };
		3B265D8D2537ECBA009F1EE9 /* Navigation.storyboard */ = {isa = PBXFileReference; lastKnownFileType = file.storyboard; path = Navigation.storyboard; sourceTree = "<group>"; };
		3B53474E25B4D648007717D7 /* APIHelper.swift */ = {isa = PBXFileReference; lastKnownFileType = sourcecode.swift; path = APIHelper.swift; sourceTree = "<group>"; };
		3B581ADB2544F2E4003E2A68 /* Pets.swift */ = {isa = PBXFileReference; lastKnownFileType = sourcecode.swift; path = Pets.swift; sourceTree = "<group>"; };
		3B581ADE2544F478003E2A68 /* UIImage+.swift */ = {isa = PBXFileReference; lastKnownFileType = sourcecode.swift; name = "UIImage+.swift"; path = "Vida Pet/Model/Meus Pets/UIImage+.swift"; sourceTree = SOURCE_ROOT; };
		3B581AF3254518B9003E2A68 /* UIButton+.swift */ = {isa = PBXFileReference; lastKnownFileType = sourcecode.swift; path = "UIButton+.swift"; sourceTree = "<group>"; };
		3B584BC4253811A90090A779 /* MeusPetsListaViewController.swift */ = {isa = PBXFileReference; lastKnownFileType = sourcecode.swift; path = MeusPetsListaViewController.swift; sourceTree = "<group>"; };
		3B584BC6253811B60090A779 /* MeusPetsDetalheViewController.swift */ = {isa = PBXFileReference; lastKnownFileType = sourcecode.swift; path = MeusPetsDetalheViewController.swift; sourceTree = "<group>"; };
		3B584BC8253811C20090A779 /* RecemChegadosListaViewController.swift */ = {isa = PBXFileReference; lastKnownFileType = sourcecode.swift; path = RecemChegadosListaViewController.swift; sourceTree = "<group>"; };
		3B584BCA253811CF0090A779 /* RecemChegadosDetalheViewController.swift */ = {isa = PBXFileReference; lastKnownFileType = sourcecode.swift; path = RecemChegadosDetalheViewController.swift; sourceTree = "<group>"; };
		3B584BCC253811D70090A779 /* AdoteListaViewController.swift */ = {isa = PBXFileReference; lastKnownFileType = sourcecode.swift; path = AdoteListaViewController.swift; sourceTree = "<group>"; };
		3B584BCE253811E30090A779 /* AdoteDetalheViewController.swift */ = {isa = PBXFileReference; lastKnownFileType = sourcecode.swift; path = AdoteDetalheViewController.swift; sourceTree = "<group>"; };
		3B584BD0253811EC0090A779 /* PerfilViewController.swift */ = {isa = PBXFileReference; lastKnownFileType = sourcecode.swift; path = PerfilViewController.swift; sourceTree = "<group>"; };
		3B584BD4253812720090A779 /* VidaPetMainViewController.swift */ = {isa = PBXFileReference; lastKnownFileType = sourcecode.swift; path = VidaPetMainViewController.swift; sourceTree = "<group>"; };
		3B584BD6253812900090A779 /* LoginViewController.swift */ = {isa = PBXFileReference; lastKnownFileType = sourcecode.swift; path = LoginViewController.swift; sourceTree = "<group>"; };
		3B584BD82538129A0090A779 /* RegisterViewController.swift */ = {isa = PBXFileReference; lastKnownFileType = sourcecode.swift; path = RegisterViewController.swift; sourceTree = "<group>"; };
		3B695D042537E71300CE15AF /* Vida Pet.app */ = {isa = PBXFileReference; explicitFileType = wrapper.application; includeInIndex = 0; path = "Vida Pet.app"; sourceTree = BUILT_PRODUCTS_DIR; };
		3B695D072537E71300CE15AF /* AppDelegate.swift */ = {isa = PBXFileReference; lastKnownFileType = sourcecode.swift; path = AppDelegate.swift; sourceTree = "<group>"; };
		3B695D092537E71300CE15AF /* SceneDelegate.swift */ = {isa = PBXFileReference; lastKnownFileType = sourcecode.swift; path = SceneDelegate.swift; sourceTree = "<group>"; };
		3B695D102537E71500CE15AF /* Assets.xcassets */ = {isa = PBXFileReference; lastKnownFileType = folder.assetcatalog; path = Assets.xcassets; sourceTree = "<group>"; };
		3B695D132537E71500CE15AF /* Base */ = {isa = PBXFileReference; lastKnownFileType = file.storyboard; name = Base; path = Base.lproj/LaunchScreen.storyboard; sourceTree = "<group>"; };
		3B695D152537E71500CE15AF /* Info.plist */ = {isa = PBXFileReference; lastKnownFileType = text.plist.xml; path = Info.plist; sourceTree = "<group>"; };
		3B695D1F2537E8A500CE15AF /* MeusPets.storyboard */ = {isa = PBXFileReference; lastKnownFileType = file.storyboard; path = MeusPets.storyboard; sourceTree = "<group>"; };
		3B695D212537E8CF00CE15AF /* RecemChegados.storyboard */ = {isa = PBXFileReference; lastKnownFileType = file.storyboard; path = RecemChegados.storyboard; sourceTree = "<group>"; };
		3B695D232537E8DB00CE15AF /* Adote.storyboard */ = {isa = PBXFileReference; lastKnownFileType = file.storyboard; path = Adote.storyboard; sourceTree = "<group>"; };
		3B695D252537E8E900CE15AF /* Perfil.storyboard */ = {isa = PBXFileReference; lastKnownFileType = file.storyboard; path = Perfil.storyboard; sourceTree = "<group>"; };
		3B695D2B2537E91F00CE15AF /* Login.storyboard */ = {isa = PBXFileReference; lastKnownFileType = file.storyboard; path = Login.storyboard; sourceTree = "<group>"; };
		3B6A639F25537D40003FE2A9 /* VPRoundPlaceholderTextField.swift */ = {isa = PBXFileReference; lastKnownFileType = sourcecode.swift; path = VPRoundPlaceholderTextField.swift; sourceTree = "<group>"; };
		3B6A63A72553829D003FE2A9 /* VPMultilineRoundPlaceholderTextField.swift */ = {isa = PBXFileReference; lastKnownFileType = sourcecode.swift; path = VPMultilineRoundPlaceholderTextField.swift; sourceTree = "<group>"; };
		3B94025E255F721E003AD1EA /* Double+.swift */ = {isa = PBXFileReference; lastKnownFileType = sourcecode.swift; path = "Double+.swift"; sourceTree = "<group>"; };
		3B984344255A1440000DA748 /* EditarPerfil.strings */ = {isa = PBXFileReference; lastKnownFileType = text.plist.strings; path = EditarPerfil.strings; sourceTree = "<group>"; };
		3B9F25B02553784F00C16F90 /* MeusPetsCadastroViewController.swift */ = {isa = PBXFileReference; lastKnownFileType = sourcecode.swift; path = MeusPetsCadastroViewController.swift; sourceTree = "<group>"; };
		3BD59FF5253D3BD4005A5BB2 /* MeusPetsListaCellTableViewCell.swift */ = {isa = PBXFileReference; lastKnownFileType = sourcecode.swift; path = MeusPetsListaCellTableViewCell.swift; sourceTree = "<group>"; };
		3BD59FFF253D445F005A5BB2 /* UIView+.swift */ = {isa = PBXFileReference; lastKnownFileType = sourcecode.swift; name = "UIView+.swift"; path = "Vida Pet/Controller/Meus Pets/UIView+.swift"; sourceTree = SOURCE_ROOT; };
		3BD5A003253D4CCF005A5BB2 /* ShadowView.swift */ = {isa = PBXFileReference; lastKnownFileType = sourcecode.swift; path = ShadowView.swift; sourceTree = "<group>"; };
		3BF230E725B4E0E80044F3C6 /* InformationType.swift */ = {isa = PBXFileReference; fileEncoding = 4; lastKnownFileType = sourcecode.swift; path = InformationType.swift; sourceTree = "<group>"; };
		3BF230EA25B4E0ED0044F3C6 /* Encodable+.swift */ = {isa = PBXFileReference; fileEncoding = 4; lastKnownFileType = sourcecode.swift; path = "Encodable+.swift"; sourceTree = "<group>"; };
		3BFE13B2255622BA003627C3 /* UISegmentControl+.swift */ = {isa = PBXFileReference; lastKnownFileType = sourcecode.swift; path = "UISegmentControl+.swift"; sourceTree = "<group>"; };
		4176AF52255CBBA300562BE6 /* VPCardCollectionViewCell.swift */ = {isa = PBXFileReference; lastKnownFileType = sourcecode.swift; path = VPCardCollectionViewCell.swift; sourceTree = "<group>"; };
		4176AF53255CBBA300562BE6 /* VPCardCollectionViewCell.XIB */ = {isa = PBXFileReference; lastKnownFileType = file.xib; path = VPCardCollectionViewCell.XIB; sourceTree = "<group>"; };
		67FDF50050B384BE0D284612 /* Pods_Vida_Pet.framework */ = {isa = PBXFileReference; explicitFileType = wrapper.framework; includeInIndex = 0; path = Pods_Vida_Pet.framework; sourceTree = BUILT_PRODUCTS_DIR; };
		7E0C593D255D60C1009D68A1 /* VPLargeRoundedTableViewCell.xib */ = {isa = PBXFileReference; lastKnownFileType = file.xib; path = VPLargeRoundedTableViewCell.xib; sourceTree = "<group>"; };
		7E0C593F255D62B9009D68A1 /* GradientView.swift */ = {isa = PBXFileReference; lastKnownFileType = sourcecode.swift; path = GradientView.swift; sourceTree = "<group>"; };
		7E0C5941255D64F3009D68A1 /* VPLargeRoundedTableViewCell.swift */ = {isa = PBXFileReference; lastKnownFileType = sourcecode.swift; path = VPLargeRoundedTableViewCell.swift; sourceTree = "<group>"; };
		7E0C5943255D6C1F009D68A1 /* NibLoadable.swift */ = {isa = PBXFileReference; lastKnownFileType = sourcecode.swift; path = NibLoadable.swift; sourceTree = "<group>"; };
		7E64FD92255AB80C009B2092 /* RandomPet.swift */ = {isa = PBXFileReference; lastKnownFileType = sourcecode.swift; path = RandomPet.swift; sourceTree = "<group>"; };
		B0A88DD2FD3A109F53FD20A7 /* Pods-Vida Pet.debug.xcconfig */ = {isa = PBXFileReference; includeInIndex = 1; lastKnownFileType = text.xcconfig; name = "Pods-Vida Pet.debug.xcconfig"; path = "Target Support Files/Pods-Vida Pet/Pods-Vida Pet.debug.xcconfig"; sourceTree = "<group>"; };
		B7F0E39EA720D8B1BD6080BC /* Pods-Vida Pet.release.xcconfig */ = {isa = PBXFileReference; includeInIndex = 1; lastKnownFileType = text.xcconfig; name = "Pods-Vida Pet.release.xcconfig"; path = "Target Support Files/Pods-Vida Pet/Pods-Vida Pet.release.xcconfig"; sourceTree = "<group>"; };
		FE30F9B9255A307A00B59058 /* UIImageView+.swift */ = {isa = PBXFileReference; lastKnownFileType = sourcecode.swift; path = "UIImageView+.swift"; sourceTree = "<group>"; };
		FE352ADE25548EB700D4E680 /* EditarPerfilViewController.swift */ = {isa = PBXFileReference; lastKnownFileType = sourcecode.swift; path = EditarPerfilViewController.swift; sourceTree = "<group>"; };
		FE352AEA2554E49000D4E680 /* UserData.swift */ = {isa = PBXFileReference; lastKnownFileType = sourcecode.swift; name = UserData.swift; path = Perfil/UserData.swift; sourceTree = SOURCE_ROOT; };
		FE82FBFF2555E940007B396E /* UserModel.swift */ = {isa = PBXFileReference; lastKnownFileType = sourcecode.swift; name = UserModel.swift; path = Perfil/UserModel.swift; sourceTree = SOURCE_ROOT; };
		FEB29AFF2576914B00EEBF75 /* GoogleService-Info.plist */ = {isa = PBXFileReference; fileEncoding = 4; lastKnownFileType = text.plist.xml; path = "GoogleService-Info.plist"; sourceTree = "<group>"; };
		FEB674B025782C0B009B129C /* Login.strings */ = {isa = PBXFileReference; lastKnownFileType = text.plist.strings; path = Login.strings; sourceTree = "<group>"; };
		FECCE0732542335200E0934F /* ValidateFields.swift */ = {isa = PBXFileReference; lastKnownFileType = sourcecode.swift; name = ValidateFields.swift; path = Login/ValidateFields.swift; sourceTree = SOURCE_ROOT; };
		FECCE077254268A200E0934F /* WelcomeViewController.swift */ = {isa = PBXFileReference; lastKnownFileType = sourcecode.swift; path = WelcomeViewController.swift; sourceTree = "<group>"; };
/* End PBXFileReference section */

/* Begin PBXFrameworksBuildPhase section */
		3B695D012537E71300CE15AF /* Frameworks */ = {
			isa = PBXFrameworksBuildPhase;
			buildActionMask = 2147483647;
			files = (
				65E1B252AD84E982B5BE09E0 /* Pods_Vida_Pet.framework in Frameworks */,
			);
			runOnlyForDeploymentPostprocessing = 0;
		};
/* End PBXFrameworksBuildPhase section */

/* Begin PBXGroup section */
		0A78D3C9317B40A7F94596B8 /* Pods */ = {
			isa = PBXGroup;
			children = (
				B0A88DD2FD3A109F53FD20A7 /* Pods-Vida Pet.debug.xcconfig */,
				B7F0E39EA720D8B1BD6080BC /* Pods-Vida Pet.release.xcconfig */,
			);
			path = Pods;
			sourceTree = "<group>";
		};
		0DB2B26BC1B75C9A13BF2A94 /* Frameworks */ = {
			isa = PBXGroup;
			children = (
				67FDF50050B384BE0D284612 /* Pods_Vida_Pet.framework */,
			);
			name = Frameworks;
			sourceTree = "<group>";
		};
		3B0B896B25543A1800033297 /* Strings */ = {
			isa = PBXGroup;
			children = (
				FEB674AF25782BEE009B129C /* Login */,
				3B984343255A140A000DA748 /* Perfil */,
				3B0B897025543A4D00033297 /* Meus Pets */,
			);
			path = Strings;
			sourceTree = "<group>";
		};
		3B0B897025543A4D00033297 /* Meus Pets */ = {
			isa = PBXGroup;
			children = (
				3B0B897125543A6C00033297 /* MeusPetsCadastro.strings */,
			);
			path = "Meus Pets";
			sourceTree = "<group>";
		};
		3B265D932537EFE3009F1EE9 /* Navigation Bar */ = {
			isa = PBXGroup;
			children = (
				3B265D8D2537ECBA009F1EE9 /* Navigation.storyboard */,
			);
			path = "Navigation Bar";
			sourceTree = "<group>";
		};
		3B265D942537FF9D009F1EE9 /* Application */ = {
			isa = PBXGroup;
			children = (
				3B695D072537E71300CE15AF /* AppDelegate.swift */,
				3B695D092537E71300CE15AF /* SceneDelegate.swift */,
			);
			path = Application;
			sourceTree = "<group>";
		};
		3B581AF22545189B003E2A68 /* Extensions */ = {
			isa = PBXGroup;
			children = (
				3BF230EA25B4E0ED0044F3C6 /* Encodable+.swift */,
				3BD59FFF253D445F005A5BB2 /* UIView+.swift */,
				3B581ADE2544F478003E2A68 /* UIImage+.swift */,
				3B0B8A2A2554FC8C00033297 /* UITextField+.swift */,
				3B0B8A3C2554FF4A00033297 /* String+.swift */,
				3BFE13B2255622BA003627C3 /* UISegmentControl+.swift */,
				3B581AF3254518B9003E2A68 /* UIButton+.swift */,
				FE30F9B9255A307A00B59058 /* UIImageView+.swift */,
				3B94025E255F721E003AD1EA /* Double+.swift */,
				3B08DBC525B525DB00DE63D1 /* Date+.swift */,
			);
			path = Extensions;
			sourceTree = "<group>";
		};
		3B584BBF253811380090A779 /* Login */ = {
			isa = PBXGroup;
			children = (
				3B584BD6253812900090A779 /* LoginViewController.swift */,
				3B584BD82538129A0090A779 /* RegisterViewController.swift */,
				FECCE077254268A200E0934F /* WelcomeViewController.swift */,
			);
			path = Login;
			sourceTree = "<group>";
		};
		3B584BC02538114A0090A779 /* Meus Pets */ = {
			isa = PBXGroup;
			children = (
				3B584BC4253811A90090A779 /* MeusPetsListaViewController.swift */,
				3B584BC6253811B60090A779 /* MeusPetsDetalheViewController.swift */,
				3B9F25B02553784F00C16F90 /* MeusPetsCadastroViewController.swift */,
				3BD59FF5253D3BD4005A5BB2 /* MeusPetsListaCellTableViewCell.swift */,
			);
			path = "Meus Pets";
			sourceTree = "<group>";
		};
		3B584BC1253811550090A779 /* Recem Chegados */ = {
			isa = PBXGroup;
			children = (
				3B584BC8253811C20090A779 /* RecemChegadosListaViewController.swift */,
				3B584BCA253811CF0090A779 /* RecemChegadosDetalheViewController.swift */,
			);
			path = "Recem Chegados";
			sourceTree = "<group>";
		};
		3B584BC22538116F0090A779 /* Adote */ = {
			isa = PBXGroup;
			children = (
				3B584BCC253811D70090A779 /* AdoteListaViewController.swift */,
				3B584BCE253811E30090A779 /* AdoteDetalheViewController.swift */,
			);
			path = Adote;
			sourceTree = "<group>";
		};
		3B584BC3253811780090A779 /* Perfil */ = {
			isa = PBXGroup;
			children = (
				3B584BD0253811EC0090A779 /* PerfilViewController.swift */,
				FE352ADE25548EB700D4E680 /* EditarPerfilViewController.swift */,
			);
			path = Perfil;
			sourceTree = "<group>";
		};
		3B695CFB2537E71300CE15AF = {
			isa = PBXGroup;
			children = (
				3B695D062537E71300CE15AF /* Vida Pet */,
				3B695D052537E71300CE15AF /* Products */,
				0A78D3C9317B40A7F94596B8 /* Pods */,
				0DB2B26BC1B75C9A13BF2A94 /* Frameworks */,
			);
			sourceTree = "<group>";
		};
		3B695D052537E71300CE15AF /* Products */ = {
			isa = PBXGroup;
			children = (
				3B695D042537E71300CE15AF /* Vida Pet.app */,
			);
			name = Products;
			sourceTree = "<group>";
		};
		3B695D062537E71300CE15AF /* Vida Pet */ = {
			isa = PBXGroup;
			children = (
				3B265D942537FF9D009F1EE9 /* Application */,
				3B98A22925AE7ECB00D24C0F /* Networking */,
				3B695D1B2537E84600CE15AF /* Model */,
				3B695D1C2537E86000CE15AF /* View */,
				3B695D1D2537E86400CE15AF /* Controller */,
				3BD5A002253D4CB0005A5BB2 /* Components */,
				3B581AF22545189B003E2A68 /* Extensions */,
				3B695D1E2537E87500CE15AF /* Supporting Files */,
			);
			path = "Vida Pet";
			sourceTree = "<group>";
		};
		3B695D1B2537E84600CE15AF /* Model */ = {
			isa = PBXGroup;
			children = (
				3BD59FE9253B7188005A5BB2 /* Login */,
				3BD59FEA253B7198005A5BB2 /* Meus Pets */,
				3BD59FEB253B719E005A5BB2 /* Recem Chegados */,
				3BD59FEC253B71A5005A5BB2 /* Adote */,
				3BD59FED253B71AA005A5BB2 /* Perfil */,
				3B08DBCF25B5321200DE63D1 /* main.strings */,
			);
			path = Model;
			sourceTree = "<group>";
		};
		3B695D1C2537E86000CE15AF /* View */ = {
			isa = PBXGroup;
			children = (
				3B695D122537E71500CE15AF /* LaunchScreen.storyboard */,
				3B265D932537EFE3009F1EE9 /* Navigation Bar */,
				3B695D2D2537E92200CE15AF /* Login */,
				3B695D272537E8EE00CE15AF /* Meus Pets */,
				3B695D2A2537E91000CE15AF /* Recem Chegados */,
				3B695D282537E90700CE15AF /* Adote */,
				3B695D292537E90B00CE15AF /* Perfil */,
			);
			path = View;
			sourceTree = "<group>";
		};
		3B695D1D2537E86400CE15AF /* Controller */ = {
			isa = PBXGroup;
			children = (
				3B584BD4253812720090A779 /* VidaPetMainViewController.swift */,
				3B584BBF253811380090A779 /* Login */,
				3B584BC02538114A0090A779 /* Meus Pets */,
				3B584BC1253811550090A779 /* Recem Chegados */,
				3B584BC22538116F0090A779 /* Adote */,
				3B584BC3253811780090A779 /* Perfil */,
			);
			path = Controller;
			sourceTree = "<group>";
		};
		3B695D1E2537E87500CE15AF /* Supporting Files */ = {
			isa = PBXGroup;
			children = (
				3B0B896B25543A1800033297 /* Strings */,
				3B0B89B22554423D00033297 /* R.generated.swift */,
				3B695D152537E71500CE15AF /* Info.plist */,
				FEB29AFF2576914B00EEBF75 /* GoogleService-Info.plist */,
				3B695D102537E71500CE15AF /* Assets.xcassets */,
			);
			path = "Supporting Files";
			sourceTree = "<group>";
		};
		3B695D272537E8EE00CE15AF /* Meus Pets */ = {
			isa = PBXGroup;
			children = (
				3B695D1F2537E8A500CE15AF /* MeusPets.storyboard */,
			);
			path = "Meus Pets";
			sourceTree = "<group>";
		};
		3B695D282537E90700CE15AF /* Adote */ = {
			isa = PBXGroup;
			children = (
				3B695D232537E8DB00CE15AF /* Adote.storyboard */,
			);
			path = Adote;
			sourceTree = "<group>";
		};
		3B695D292537E90B00CE15AF /* Perfil */ = {
			isa = PBXGroup;
			children = (
				3B695D252537E8E900CE15AF /* Perfil.storyboard */,
			);
			path = Perfil;
			sourceTree = "<group>";
		};
		3B695D2A2537E91000CE15AF /* Recem Chegados */ = {
			isa = PBXGroup;
			children = (
				3B695D212537E8CF00CE15AF /* RecemChegados.storyboard */,
			);
			path = "Recem Chegados";
			sourceTree = "<group>";
		};
		3B695D2D2537E92200CE15AF /* Login */ = {
			isa = PBXGroup;
			children = (
				3B695D2B2537E91F00CE15AF /* Login.storyboard */,
			);
			path = Login;
			sourceTree = "<group>";
		};
		3B6A639D25537D0F003FE2A9 /* TextFields */ = {
			isa = PBXGroup;
			children = (
				3B6A639F25537D40003FE2A9 /* VPRoundPlaceholderTextField.swift */,
				3B6A63A72553829D003FE2A9 /* VPMultilineRoundPlaceholderTextField.swift */,
			);
			path = TextFields;
			sourceTree = "<group>";
		};
		3B9401E1255F59C0003AD1EA /* Cells */ = {
			isa = PBXGroup;
			children = (
				7E0C593D255D60C1009D68A1 /* VPLargeRoundedTableViewCell.xib */,
				7E0C5941255D64F3009D68A1 /* VPLargeRoundedTableViewCell.swift */,
				4176AF52255CBBA300562BE6 /* VPCardCollectionViewCell.swift */,
				4176AF53255CBBA300562BE6 /* VPCardCollectionViewCell.XIB */,
			);
			path = Cells;
			sourceTree = "<group>";
		};
		3B984343255A140A000DA748 /* Perfil */ = {
			isa = PBXGroup;
			children = (
				3B984344255A1440000DA748 /* EditarPerfil.strings */,
			);
			path = Perfil;
			sourceTree = "<group>";
		};
		3B98A22925AE7ECB00D24C0F /* Networking */ = {
			isa = PBXGroup;
			children = (
				3BF230E725B4E0E80044F3C6 /* InformationType.swift */,
				3B53474E25B4D648007717D7 /* APIHelper.swift */,
			);
			path = Networking;
			sourceTree = "<group>";
		};
		3BD59FE9253B7188005A5BB2 /* Login */ = {
			isa = PBXGroup;
			children = (
				FECCE0732542335200E0934F /* ValidateFields.swift */,
			);
			path = Login;
			sourceTree = "<group>";
		};
		3BD59FEA253B7198005A5BB2 /* Meus Pets */ = {
			isa = PBXGroup;
			children = (
				3B581ADB2544F2E4003E2A68 /* Pets.swift */,
			);
			path = "Meus Pets";
			sourceTree = "<group>";
		};
		3BD59FEB253B719E005A5BB2 /* Recem Chegados */ = {
			isa = PBXGroup;
			children = (
				7E64FD92255AB80C009B2092 /* RandomPet.swift */,
			);
			path = "Recem Chegados";
			sourceTree = "<group>";
		};
		3BD59FEC253B71A5005A5BB2 /* Adote */ = {
			isa = PBXGroup;
			children = (
			);
			path = Adote;
			sourceTree = "<group>";
		};
		3BD59FED253B71AA005A5BB2 /* Perfil */ = {
			isa = PBXGroup;
			children = (
				FE352AEA2554E49000D4E680 /* UserData.swift */,
				FE82FBFF2555E940007B396E /* UserModel.swift */,
			);
			path = Perfil;
			sourceTree = "<group>";
		};
		3BD5A002253D4CB0005A5BB2 /* Components */ = {
			isa = PBXGroup;
			children = (
				3B6A639D25537D0F003FE2A9 /* TextFields */,
				3B9401E1255F59C0003AD1EA /* Cells */,
				3BD5A007253D4CDB005A5BB2 /* Views */,
			);
			path = Components;
			sourceTree = "<group>";
		};
		3BD5A007253D4CDB005A5BB2 /* Views */ = {
			isa = PBXGroup;
			children = (
				7E0C5943255D6C1F009D68A1 /* NibLoadable.swift */,
				3BD5A003253D4CCF005A5BB2 /* ShadowView.swift */,
				7E0C593F255D62B9009D68A1 /* GradientView.swift */,
			);
			path = Views;
			sourceTree = "<group>";
		};
		FEB674AF25782BEE009B129C /* Login */ = {
			isa = PBXGroup;
			children = (
				FEB674B025782C0B009B129C /* Login.strings */,
			);
			path = Login;
			sourceTree = "<group>";
		};
/* End PBXGroup section */

/* Begin PBXNativeTarget section */
		3B695D032537E71300CE15AF /* Vida Pet */ = {
			isa = PBXNativeTarget;
			buildConfigurationList = 3B695D182537E71500CE15AF /* Build configuration list for PBXNativeTarget "Vida Pet" */;
			buildPhases = (
				1918A31C77433FF8C88EB394 /* [CP] Check Pods Manifest.lock */,
				3B0B899825543F3600033297 /* ShellScript */,
				3B695D002537E71300CE15AF /* Sources */,
				3B695D012537E71300CE15AF /* Frameworks */,
				3B695D022537E71300CE15AF /* Resources */,
				8C8E8BD4F16393B4936A7B4D /* [CP] Embed Pods Frameworks */,
				93792B1CE1510C0DFFC2DCB8 /* [CP] Copy Pods Resources */,
			);
			buildRules = (
			);
			dependencies = (
			);
			name = "Vida Pet";
			productName = "Vida Pet";
			productReference = 3B695D042537E71300CE15AF /* Vida Pet.app */;
			productType = "com.apple.product-type.application";
		};
/* End PBXNativeTarget section */

/* Begin PBXProject section */
		3B695CFC2537E71300CE15AF /* Project object */ = {
			isa = PBXProject;
			attributes = {
				LastSwiftUpdateCheck = 1130;
				LastUpgradeCheck = 1210;
				ORGANIZATIONNAME = "João Pedro Giarrante";
				TargetAttributes = {
					3B695D032537E71300CE15AF = {
						CreatedOnToolsVersion = 11.3.1;
					};
				};
			};
			buildConfigurationList = 3B695CFF2537E71300CE15AF /* Build configuration list for PBXProject "Vida Pet" */;
			compatibilityVersion = "Xcode 9.3";
			developmentRegion = en;
			hasScannedForEncodings = 0;
			knownRegions = (
				en,
				Base,
			);
			mainGroup = 3B695CFB2537E71300CE15AF;
			productRefGroup = 3B695D052537E71300CE15AF /* Products */;
			projectDirPath = "";
			projectRoot = "";
			targets = (
				3B695D032537E71300CE15AF /* Vida Pet */,
			);
		};
/* End PBXProject section */

/* Begin PBXResourcesBuildPhase section */
		3B695D022537E71300CE15AF /* Resources */ = {
			isa = PBXResourcesBuildPhase;
			buildActionMask = 2147483647;
			files = (
				FEB29B002576914B00EEBF75 /* GoogleService-Info.plist in Resources */,
				3B695D2C2537E91F00CE15AF /* Login.storyboard in Resources */,
				3B695D202537E8A500CE15AF /* MeusPets.storyboard in Resources */,
				4176AF55255CBBA300562BE6 /* VPCardCollectionViewCell.XIB in Resources */,
				FEB674B125782C0B009B129C /* Login.strings in Resources */,
				3B0B897225543A6C00033297 /* MeusPetsCadastro.strings in Resources */,
				3B695D142537E71500CE15AF /* LaunchScreen.storyboard in Resources */,
				3B695D242537E8DB00CE15AF /* Adote.storyboard in Resources */,
				3B265D8E2537ECBA009F1EE9 /* Navigation.storyboard in Resources */,
				3B984345255A1440000DA748 /* EditarPerfil.strings in Resources */,
				3B08DBD025B5321200DE63D1 /* main.strings in Resources */,
				3B695D112537E71500CE15AF /* Assets.xcassets in Resources */,
				3B695D262537E8E900CE15AF /* Perfil.storyboard in Resources */,
				7E0C593E255D60C1009D68A1 /* VPLargeRoundedTableViewCell.xib in Resources */,
				3B695D222537E8CF00CE15AF /* RecemChegados.storyboard in Resources */,
			);
			runOnlyForDeploymentPostprocessing = 0;
		};
/* End PBXResourcesBuildPhase section */

/* Begin PBXShellScriptBuildPhase section */
		1918A31C77433FF8C88EB394 /* [CP] Check Pods Manifest.lock */ = {
			isa = PBXShellScriptBuildPhase;
			buildActionMask = 2147483647;
			files = (
			);
			inputFileListPaths = (
			);
			inputPaths = (
				"${PODS_PODFILE_DIR_PATH}/Podfile.lock",
				"${PODS_ROOT}/Manifest.lock",
			);
			name = "[CP] Check Pods Manifest.lock";
			outputFileListPaths = (
			);
			outputPaths = (
				"$(DERIVED_FILE_DIR)/Pods-Vida Pet-checkManifestLockResult.txt",
			);
			runOnlyForDeploymentPostprocessing = 0;
			shellPath = /bin/sh;
			shellScript = "diff \"${PODS_PODFILE_DIR_PATH}/Podfile.lock\" \"${PODS_ROOT}/Manifest.lock\" > /dev/null\nif [ $? != 0 ] ; then\n    # print error to STDERR\n    echo \"error: The sandbox is not in sync with the Podfile.lock. Run 'pod install' or update your CocoaPods installation.\" >&2\n    exit 1\nfi\n# This output is used by Xcode 'outputs' to avoid re-running this script phase.\necho \"SUCCESS\" > \"${SCRIPT_OUTPUT_FILE_0}\"\n";
			showEnvVarsInLog = 0;
		};
		3B0B899825543F3600033297 /* ShellScript */ = {
			isa = PBXShellScriptBuildPhase;
			buildActionMask = 2147483647;
			files = (
			);
			inputFileListPaths = (
			);
			inputPaths = (
				"$TEMP_DIR/rswift-lastrun",
			);
			outputFileListPaths = (
			);
			outputPaths = (
				"$SRCROOT/Vida Pet/Supporting Files/R.generated.swift",
			);
			runOnlyForDeploymentPostprocessing = 0;
			shellPath = /bin/sh;
			shellScript = "\"$PODS_ROOT/R.swift/rswift\" generate \"$SRCROOT/Vida Pet/Supporting Files/R.generated.swift\"\n    echo \"R.SWIFT GENERATED\"\n";
		};
		8C8E8BD4F16393B4936A7B4D /* [CP] Embed Pods Frameworks */ = {
			isa = PBXShellScriptBuildPhase;
			buildActionMask = 2147483647;
			files = (
			);
			inputFileListPaths = (
				"${PODS_ROOT}/Target Support Files/Pods-Vida Pet/Pods-Vida Pet-frameworks-${CONFIGURATION}-input-files.xcfilelist",
			);
			name = "[CP] Embed Pods Frameworks";
			outputFileListPaths = (
				"${PODS_ROOT}/Target Support Files/Pods-Vida Pet/Pods-Vida Pet-frameworks-${CONFIGURATION}-output-files.xcfilelist",
			);
			runOnlyForDeploymentPostprocessing = 0;
			shellPath = /bin/sh;
			shellScript = "\"${PODS_ROOT}/Target Support Files/Pods-Vida Pet/Pods-Vida Pet-frameworks.sh\"\n";
			showEnvVarsInLog = 0;
		};
		93792B1CE1510C0DFFC2DCB8 /* [CP] Copy Pods Resources */ = {
			isa = PBXShellScriptBuildPhase;
			buildActionMask = 2147483647;
			files = (
			);
			inputFileListPaths = (
				"${PODS_ROOT}/Target Support Files/Pods-Vida Pet/Pods-Vida Pet-resources-${CONFIGURATION}-input-files.xcfilelist",
			);
			name = "[CP] Copy Pods Resources";
			outputFileListPaths = (
				"${PODS_ROOT}/Target Support Files/Pods-Vida Pet/Pods-Vida Pet-resources-${CONFIGURATION}-output-files.xcfilelist",
			);
			runOnlyForDeploymentPostprocessing = 0;
			shellPath = /bin/sh;
			shellScript = "\"${PODS_ROOT}/Target Support Files/Pods-Vida Pet/Pods-Vida Pet-resources.sh\"\n";
			showEnvVarsInLog = 0;
		};
/* End PBXShellScriptBuildPhase section */

/* Begin PBXSourcesBuildPhase section */
		3B695D002537E71300CE15AF /* Sources */ = {
			isa = PBXSourcesBuildPhase;
			buildActionMask = 2147483647;
			files = (
				3B584BC7253811B60090A779 /* MeusPetsDetalheViewController.swift in Sources */,
				3B584BC9253811C20090A779 /* RecemChegadosListaViewController.swift in Sources */,
				7E0C5942255D64F3009D68A1 /* VPLargeRoundedTableViewCell.swift in Sources */,
				3B0B8A3D2554FF4A00033297 /* String+.swift in Sources */,
				3B94025F255F721E003AD1EA /* Double+.swift in Sources */,
				3B581AF4254518B9003E2A68 /* UIButton+.swift in Sources */,
				3B584BCF253811E30090A779 /* AdoteDetalheViewController.swift in Sources */,
				FE82FC002555E940007B396E /* UserModel.swift in Sources */,
				3B0B8A2B2554FC8C00033297 /* UITextField+.swift in Sources */,
				4176AF54255CBBA300562BE6 /* VPCardCollectionViewCell.swift in Sources */,
				3B581ADC2544F2E4003E2A68 /* Pets.swift in Sources */,
				3B584BD92538129A0090A779 /* RegisterViewController.swift in Sources */,
				FE352AEB2554E49000D4E680 /* UserData.swift in Sources */,
				3B08DBC625B525DB00DE63D1 /* Date+.swift in Sources */,
				FE352ADF25548EB700D4E680 /* EditarPerfilViewController.swift in Sources */,
				3B584BCD253811D70090A779 /* AdoteListaViewController.swift in Sources */,
				7E0C5940255D62B9009D68A1 /* GradientView.swift in Sources */,
				3BFE13B3255622BA003627C3 /* UISegmentControl+.swift in Sources */,
				3B695D082537E71300CE15AF /* AppDelegate.swift in Sources */,
				3B584BCB253811CF0090A779 /* RecemChegadosDetalheViewController.swift in Sources */,
				3B0B89B32554423D00033297 /* R.generated.swift in Sources */,
				3B53474F25B4D648007717D7 /* APIHelper.swift in Sources */,
				3BD5A000253D445F005A5BB2 /* UIView+.swift in Sources */,
				3B9F25B12553784F00C16F90 /* MeusPetsCadastroViewController.swift in Sources */,
				3BF230E825B4E0E80044F3C6 /* InformationType.swift in Sources */,
				FECCE078254268A200E0934F /* WelcomeViewController.swift in Sources */,
				3B584BD1253811EC0090A779 /* PerfilViewController.swift in Sources */,
				FECCE0742542335200E0934F /* ValidateFields.swift in Sources */,
				3BF230EB25B4E0ED0044F3C6 /* Encodable+.swift in Sources */,
				3B584BD5253812720090A779 /* VidaPetMainViewController.swift in Sources */,
				3BD59FF6253D3BD4005A5BB2 /* MeusPetsListaCellTableViewCell.swift in Sources */,
				7E0C5944255D6C20009D68A1 /* NibLoadable.swift in Sources */,
				3B6A63A82553829D003FE2A9 /* VPMultilineRoundPlaceholderTextField.swift in Sources */,
				3BD5A004253D4CCF005A5BB2 /* ShadowView.swift in Sources */,
				FE30F9BA255A307A00B59058 /* UIImageView+.swift in Sources */,
				3B584BC5253811A90090A779 /* MeusPetsListaViewController.swift in Sources */,
				3B695D0A2537E71300CE15AF /* SceneDelegate.swift in Sources */,
				3B6A63A025537D40003FE2A9 /* VPRoundPlaceholderTextField.swift in Sources */,
				7E64FD93255AB80C009B2092 /* RandomPet.swift in Sources */,
				3B584BD7253812900090A779 /* LoginViewController.swift in Sources */,
				3B581ADF2544F478003E2A68 /* UIImage+.swift in Sources */,
			);
			runOnlyForDeploymentPostprocessing = 0;
		};
/* End PBXSourcesBuildPhase section */

/* Begin PBXVariantGroup section */
		3B695D122537E71500CE15AF /* LaunchScreen.storyboard */ = {
			isa = PBXVariantGroup;
			children = (
				3B695D132537E71500CE15AF /* Base */,
			);
			name = LaunchScreen.storyboard;
			sourceTree = "<group>";
		};
/* End PBXVariantGroup section */

/* Begin XCBuildConfiguration section */
		3B695D162537E71500CE15AF /* Debug */ = {
			isa = XCBuildConfiguration;
			buildSettings = {
				ALWAYS_SEARCH_USER_PATHS = NO;
				CLANG_ANALYZER_NONNULL = YES;
				CLANG_ANALYZER_NUMBER_OBJECT_CONVERSION = YES_AGGRESSIVE;
				CLANG_CXX_LANGUAGE_STANDARD = "gnu++14";
				CLANG_CXX_LIBRARY = "libc++";
				CLANG_ENABLE_MODULES = YES;
				CLANG_ENABLE_OBJC_ARC = YES;
				CLANG_ENABLE_OBJC_WEAK = YES;
				CLANG_WARN_BLOCK_CAPTURE_AUTORELEASING = YES;
				CLANG_WARN_BOOL_CONVERSION = YES;
				CLANG_WARN_COMMA = YES;
				CLANG_WARN_CONSTANT_CONVERSION = YES;
				CLANG_WARN_DEPRECATED_OBJC_IMPLEMENTATIONS = YES;
				CLANG_WARN_DIRECT_OBJC_ISA_USAGE = YES_ERROR;
				CLANG_WARN_DOCUMENTATION_COMMENTS = YES;
				CLANG_WARN_EMPTY_BODY = YES;
				CLANG_WARN_ENUM_CONVERSION = YES;
				CLANG_WARN_INFINITE_RECURSION = YES;
				CLANG_WARN_INT_CONVERSION = YES;
				CLANG_WARN_NON_LITERAL_NULL_CONVERSION = YES;
				CLANG_WARN_OBJC_IMPLICIT_RETAIN_SELF = YES;
				CLANG_WARN_OBJC_LITERAL_CONVERSION = YES;
				CLANG_WARN_OBJC_ROOT_CLASS = YES_ERROR;
				CLANG_WARN_QUOTED_INCLUDE_IN_FRAMEWORK_HEADER = YES;
				CLANG_WARN_RANGE_LOOP_ANALYSIS = YES;
				CLANG_WARN_STRICT_PROTOTYPES = YES;
				CLANG_WARN_SUSPICIOUS_MOVE = YES;
				CLANG_WARN_UNGUARDED_AVAILABILITY = YES_AGGRESSIVE;
				CLANG_WARN_UNREACHABLE_CODE = YES;
				CLANG_WARN__DUPLICATE_METHOD_MATCH = YES;
				COPY_PHASE_STRIP = NO;
				DEBUG_INFORMATION_FORMAT = dwarf;
				ENABLE_STRICT_OBJC_MSGSEND = YES;
				ENABLE_TESTABILITY = YES;
				GCC_C_LANGUAGE_STANDARD = gnu11;
				GCC_DYNAMIC_NO_PIC = NO;
				GCC_NO_COMMON_BLOCKS = YES;
				GCC_OPTIMIZATION_LEVEL = 0;
				GCC_PREPROCESSOR_DEFINITIONS = (
					"DEBUG=1",
					"$(inherited)",
				);
				GCC_WARN_64_TO_32_BIT_CONVERSION = YES;
				GCC_WARN_ABOUT_RETURN_TYPE = YES_ERROR;
				GCC_WARN_UNDECLARED_SELECTOR = YES;
				GCC_WARN_UNINITIALIZED_AUTOS = YES_AGGRESSIVE;
				GCC_WARN_UNUSED_FUNCTION = YES;
				GCC_WARN_UNUSED_VARIABLE = YES;
				IPHONEOS_DEPLOYMENT_TARGET = 13.0;
				MTL_ENABLE_DEBUG_INFO = INCLUDE_SOURCE;
				MTL_FAST_MATH = YES;
				ONLY_ACTIVE_ARCH = YES;
				SDKROOT = iphoneos;
				SWIFT_ACTIVE_COMPILATION_CONDITIONS = DEBUG;
				SWIFT_OPTIMIZATION_LEVEL = "-Onone";
			};
			name = Debug;
		};
		3B695D172537E71500CE15AF /* Release */ = {
			isa = XCBuildConfiguration;
			buildSettings = {
				ALWAYS_SEARCH_USER_PATHS = NO;
				CLANG_ANALYZER_NONNULL = YES;
				CLANG_ANALYZER_NUMBER_OBJECT_CONVERSION = YES_AGGRESSIVE;
				CLANG_CXX_LANGUAGE_STANDARD = "gnu++14";
				CLANG_CXX_LIBRARY = "libc++";
				CLANG_ENABLE_MODULES = YES;
				CLANG_ENABLE_OBJC_ARC = YES;
				CLANG_ENABLE_OBJC_WEAK = YES;
				CLANG_WARN_BLOCK_CAPTURE_AUTORELEASING = YES;
				CLANG_WARN_BOOL_CONVERSION = YES;
				CLANG_WARN_COMMA = YES;
				CLANG_WARN_CONSTANT_CONVERSION = YES;
				CLANG_WARN_DEPRECATED_OBJC_IMPLEMENTATIONS = YES;
				CLANG_WARN_DIRECT_OBJC_ISA_USAGE = YES_ERROR;
				CLANG_WARN_DOCUMENTATION_COMMENTS = YES;
				CLANG_WARN_EMPTY_BODY = YES;
				CLANG_WARN_ENUM_CONVERSION = YES;
				CLANG_WARN_INFINITE_RECURSION = YES;
				CLANG_WARN_INT_CONVERSION = YES;
				CLANG_WARN_NON_LITERAL_NULL_CONVERSION = YES;
				CLANG_WARN_OBJC_IMPLICIT_RETAIN_SELF = YES;
				CLANG_WARN_OBJC_LITERAL_CONVERSION = YES;
				CLANG_WARN_OBJC_ROOT_CLASS = YES_ERROR;
				CLANG_WARN_QUOTED_INCLUDE_IN_FRAMEWORK_HEADER = YES;
				CLANG_WARN_RANGE_LOOP_ANALYSIS = YES;
				CLANG_WARN_STRICT_PROTOTYPES = YES;
				CLANG_WARN_SUSPICIOUS_MOVE = YES;
				CLANG_WARN_UNGUARDED_AVAILABILITY = YES_AGGRESSIVE;
				CLANG_WARN_UNREACHABLE_CODE = YES;
				CLANG_WARN__DUPLICATE_METHOD_MATCH = YES;
				COPY_PHASE_STRIP = NO;
				DEBUG_INFORMATION_FORMAT = "dwarf-with-dsym";
				ENABLE_NS_ASSERTIONS = NO;
				ENABLE_STRICT_OBJC_MSGSEND = YES;
				GCC_C_LANGUAGE_STANDARD = gnu11;
				GCC_NO_COMMON_BLOCKS = YES;
				GCC_WARN_64_TO_32_BIT_CONVERSION = YES;
				GCC_WARN_ABOUT_RETURN_TYPE = YES_ERROR;
				GCC_WARN_UNDECLARED_SELECTOR = YES;
				GCC_WARN_UNINITIALIZED_AUTOS = YES_AGGRESSIVE;
				GCC_WARN_UNUSED_FUNCTION = YES;
				GCC_WARN_UNUSED_VARIABLE = YES;
				IPHONEOS_DEPLOYMENT_TARGET = 13.0;
				MTL_ENABLE_DEBUG_INFO = NO;
				MTL_FAST_MATH = YES;
				SDKROOT = iphoneos;
				SWIFT_COMPILATION_MODE = wholemodule;
				SWIFT_OPTIMIZATION_LEVEL = "-O";
				VALIDATE_PRODUCT = YES;
			};
			name = Release;
		};
		3B695D192537E71500CE15AF /* Debug */ = {
			isa = XCBuildConfiguration;
			baseConfigurationReference = B0A88DD2FD3A109F53FD20A7 /* Pods-Vida Pet.debug.xcconfig */;
			buildSettings = {
				ASSETCATALOG_COMPILER_APPICON_NAME = AppIcon;
				CODE_SIGN_STYLE = Automatic;
				DEVELOPMENT_TEAM = "";
				INFOPLIST_FILE = "Vida Pet/Supporting Files/Info.plist";
				LD_RUNPATH_SEARCH_PATHS = (
					"$(inherited)",
					"@executable_path/Frameworks",
				);
				PRODUCT_BUNDLE_IDENTIFIER = "com.santandercoders.Vida-Pet";
				PRODUCT_NAME = "$(TARGET_NAME)";
				SWIFT_VERSION = 5.0;
				TARGETED_DEVICE_FAMILY = "1,2";
			};
			name = Debug;
		};
		3B695D1A2537E71500CE15AF /* Release */ = {
			isa = XCBuildConfiguration;
			baseConfigurationReference = B7F0E39EA720D8B1BD6080BC /* Pods-Vida Pet.release.xcconfig */;
			buildSettings = {
				ASSETCATALOG_COMPILER_APPICON_NAME = AppIcon;
				CODE_SIGN_STYLE = Automatic;
				DEVELOPMENT_TEAM = "";
				INFOPLIST_FILE = "Vida Pet/Supporting Files/Info.plist";
				LD_RUNPATH_SEARCH_PATHS = (
					"$(inherited)",
					"@executable_path/Frameworks",
				);
				PRODUCT_BUNDLE_IDENTIFIER = "com.santandercoders.Vida-Pet";
				PRODUCT_NAME = "$(TARGET_NAME)";
				SWIFT_VERSION = 5.0;
				TARGETED_DEVICE_FAMILY = "1,2";
			};
			name = Release;
		};
/* End XCBuildConfiguration section */

/* Begin XCConfigurationList section */
		3B695CFF2537E71300CE15AF /* Build configuration list for PBXProject "Vida Pet" */ = {
			isa = XCConfigurationList;
			buildConfigurations = (
				3B695D162537E71500CE15AF /* Debug */,
				3B695D172537E71500CE15AF /* Release */,
			);
			defaultConfigurationIsVisible = 0;
			defaultConfigurationName = Release;
		};
		3B695D182537E71500CE15AF /* Build configuration list for PBXNativeTarget "Vida Pet" */ = {
			isa = XCConfigurationList;
			buildConfigurations = (
				3B695D192537E71500CE15AF /* Debug */,
				3B695D1A2537E71500CE15AF /* Release */,
			);
			defaultConfigurationIsVisible = 0;
			defaultConfigurationName = Release;
		};
/* End XCConfigurationList section */
	};
	rootObject = 3B695CFC2537E71300CE15AF /* Project object */;
}
